{
  "requires": true,
  "lockfileVersion": 1,
  "dependencies": {
    "@ng-idle/core": {
      "version": "9.0.0-beta.1",
      "resolved": "https://registry.npmjs.org/@ng-idle/core/-/core-9.0.0-beta.1.tgz",
      "integrity": "sha512-gkfpco6zaBiPRyk9Xd1r4vycwLHXqrkNGQOKLgobo79W50Qg2qqhkMOgVmndnyK6XQyQLQNsVESUca8cLNV4nA=="
    },
    "@ng-idle/keepalive": {
      "version": "9.0.0-beta.1",
      "resolved": "https://registry.npmjs.org/@ng-idle/keepalive/-/keepalive-9.0.0-beta.1.tgz",
      "integrity": "sha512-UwRPXTy0r/gozvQBBg/z4wJya1QzD1tlrRtlpc6xCF0YrGrOPebN22pG6p3OEIEG/CD+sNUWt7xPmKKNOL6rEQ=="
    }
  }
}
